{
    "_readme": [
        "This file locks the dependencies of your project to a known state",
        "Read more about it at https://getcomposer.org/doc/01-basic-usage.md#installing-dependencies",
        "This file is @generated automatically"
    ],
    "content-hash": "c12174b83ca63c6c4a8b8035bcb30343",
    "packages": [
        {
            "name": "iamcal/sql-parser",
            "version": "v0.4",
            "source": {
                "type": "git",
                "url": "https://github.com/iamcal/SQLParser.git",
                "reference": "2c5eb8b229d4937a16a1bd17c5e2b137ce3b4597"
            },
            "dist": {
                "type": "zip",
                "url": "https://api.github.com/repos/iamcal/SQLParser/zipball/2c5eb8b229d4937a16a1bd17c5e2b137ce3b4597",
                "reference": "2c5eb8b229d4937a16a1bd17c5e2b137ce3b4597",
                "shasum": ""
            },
            "require-dev": {
                "php-coveralls/php-coveralls": "~1.0",
                "phpunit/phpunit": "~4.8"
            },
            "type": "library",
            "autoload": {
                "psr-4": {
                    "iamcal\\": "src"
                }
            },
            "notification-url": "https://packagist.org/downloads/",
            "license": [
                "MIT"
            ],
            "authors": [
                {
                    "name": "Cal Henderson",
                    "email": "cal@iamcal.com"
                }
            ],
            "description": "MySQL schema parser",
            "support": {
                "issues": "https://github.com/iamcal/SQLParser/issues",
                "source": "https://github.com/iamcal/SQLParser/tree/v0.4"
            },
            "time": "2022-03-05T00:19:49+00:00"
        }
    ],
    "packages-dev": [],
    "aliases": [],
    "minimum-stability": "stable",
    "stability-flags": [],
    "prefer-stable": false,
    "prefer-lowest": false,
    "platform": [],
    "platform-dev": [],
    "plugin-api-version": "2.6.0"
}
